// !$*UTF8*$!
{
	archiveVersion = 1;
	classes = {
	};
	objectVersion = 46;
	objects = {

/* Begin PBXBuildFile section */
		420071371DAA855A005B5647 /* PrintHelper.m in Sources */ = {isa = PBXBuildFile; fileRef = 420071361DAA855A005B5647 /* PrintHelper.m */; };
		64757B581DA79971007CCA62 /* main.m in Sources */ = {isa = PBXBuildFile; fileRef = 64757B571DA79971007CCA62 /* main.m */; };
		64757B5B1DA79971007CCA62 /* AppDelegate.m in Sources */ = {isa = PBXBuildFile; fileRef = 64757B5A1DA79971007CCA62 /* AppDelegate.m */; };
		64757B5E1DA79971007CCA62 /* ViewController.m in Sources */ = {isa = PBXBuildFile; fileRef = 64757B5D1DA79971007CCA62 /* ViewController.m */; };
		64757B611DA79971007CCA62 /* Printer.storyboard in Resources */ = {isa = PBXBuildFile; fileRef = 64757B5F1DA79971007CCA62 /* Printer.storyboard */; };
		64757B631DA79971007CCA62 /* Assets.xcassets in Resources */ = {isa = PBXBuildFile; fileRef = 64757B621DA79971007CCA62 /* Assets.xcassets */; };
		64757B661DA79971007CCA62 /* LaunchScreen.storyboard in Resources */ = {isa = PBXBuildFile; fileRef = 64757B641DA79971007CCA62 /* LaunchScreen.storyboard */; };
		64757B711DA79971007CCA62 /* BluetoothPrinterTests.m in Sources */ = {isa = PBXBuildFile; fileRef = 64757B701DA79971007CCA62 /* BluetoothPrinterTests.m */; };
		64757B7C1DA79971007CCA62 /* BluetoothPrinterUITests.m in Sources */ = {isa = PBXBuildFile; fileRef = 64757B7B1DA79971007CCA62 /* BluetoothPrinterUITests.m */; };
		64757B8A1DA7999B007CCA62 /* CoreBluetooth.framework in Frameworks */ = {isa = PBXBuildFile; fileRef = 64757B891DA7999B007CCA62 /* CoreBluetooth.framework */; };
		64757B8D1DA799BB007CCA62 /* BluetoothManager.m in Sources */ = {isa = PBXBuildFile; fileRef = 64757B8C1DA799BB007CCA62 /* BluetoothManager.m */; };
/* End PBXBuildFile section */

/* Begin PBXContainerItemProxy section */
		64757B6D1DA79971007CCA62 /* PBXContainerItemProxy */ = {
			isa = PBXContainerItemProxy;
			containerPortal = 64757B4B1DA79971007CCA62 /* Project object */;
			proxyType = 1;
			remoteGlobalIDString = 64757B521DA79971007CCA62;
			remoteInfo = BluetoothPrinter;
		};
		64757B781DA79971007CCA62 /* PBXContainerItemProxy */ = {
			isa = PBXContainerItemProxy;
			containerPortal = 64757B4B1DA79971007CCA62 /* Project object */;
			proxyType = 1;
			remoteGlobalIDString = 64757B521DA79971007CCA62;
			remoteInfo = BluetoothPrinter;
		};
/* End PBXContainerItemProxy section */

/* Begin PBXFileReference section */
		420071351DAA855A005B5647 /* PrintHelper.h */ = {isa = PBXFileReference; fileEncoding = 4; lastKnownFileType = sourcecode.c.h; path = PrintHelper.h; sourceTree = "<group>"; };
		420071361DAA855A005B5647 /* PrintHelper.m */ = {isa = PBXFileReference; fileEncoding = 4; lastKnownFileType = sourcecode.c.objc; path = PrintHelper.m; sourceTree = "<group>"; };
		64757B531DA79971007CCA62 /* BluetoothPrinter.app */ = {isa = PBXFileReference; explicitFileType = wrapper.application; includeInIndex = 0; path = BluetoothPrinter.app; sourceTree = BUILT_PRODUCTS_DIR; };
		64757B571DA79971007CCA62 /* main.m */ = {isa = PBXFileReference; lastKnownFileType = sourcecode.c.objc; path = main.m; sourceTree = "<group>"; };
		64757B591DA79971007CCA62 /* AppDelegate.h */ = {isa = PBXFileReference; lastKnownFileType = sourcecode.c.h; path = AppDelegate.h; sourceTree = "<group>"; };
		64757B5A1DA79971007CCA62 /* AppDelegate.m */ = {isa = PBXFileReference; lastKnownFileType = sourcecode.c.objc; path = AppDelegate.m; sourceTree = "<group>"; };
		64757B5C1DA79971007CCA62 /* ViewController.h */ = {isa = PBXFileReference; lastKnownFileType = sourcecode.c.h; path = ViewController.h; sourceTree = "<group>"; };
		64757B5D1DA79971007CCA62 /* ViewController.m */ = {isa = PBXFileReference; lastKnownFileType = sourcecode.c.objc; path = ViewController.m; sourceTree = "<group>"; };
		64757B601DA79971007CCA62 /* Base */ = {isa = PBXFileReference; lastKnownFileType = file.storyboard; name = Base; path = Base.lproj/Printer.storyboard; sourceTree = "<group>"; };
		64757B621DA79971007CCA62 /* Assets.xcassets */ = {isa = PBXFileReference; lastKnownFileType = folder.assetcatalog; path = Assets.xcassets; sourceTree = "<group>"; };
		64757B651DA79971007CCA62 /* Base */ = {isa = PBXFileReference; lastKnownFileType = file.storyboard; name = Base; path = Base.lproj/LaunchScreen.storyboard; sourceTree = "<group>"; };
		64757B671DA79971007CCA62 /* Info.plist */ = {isa = PBXFileReference; lastKnownFileType = text.plist.xml; path = Info.plist; sourceTree = "<group>"; };
		64757B6C1DA79971007CCA62 /* BluetoothPrinterTests.xctest */ = {isa = PBXFileReference; explicitFileType = wrapper.cfbundle; includeInIndex = 0; path = BluetoothPrinterTests.xctest; sourceTree = BUILT_PRODUCTS_DIR; };
		64757B701DA79971007CCA62 /* BluetoothPrinterTests.m */ = {isa = PBXFileReference; lastKnownFileType = sourcecode.c.objc; path = BluetoothPrinterTests.m; sourceTree = "<group>"; };
		64757B721DA79971007CCA62 /* Info.plist */ = {isa = PBXFileReference; lastKnownFileType = text.plist.xml; path = Info.plist; sourceTree = "<group>"; };
		64757B771DA79971007CCA62 /* BluetoothPrinterUITests.xctest */ = {isa = PBXFileReference; explicitFileType = wrapper.cfbundle; includeInIndex = 0; path = BluetoothPrinterUITests.xctest; sourceTree = BUILT_PRODUCTS_DIR; };
		64757B7B1DA79971007CCA62 /* BluetoothPrinterUITests.m */ = {isa = PBXFileReference; lastKnownFileType = sourcecode.c.objc; path = BluetoothPrinterUITests.m; sourceTree = "<group>"; };
		64757B7D1DA79971007CCA62 /* Info.plist */ = {isa = PBXFileReference; lastKnownFileType = text.plist.xml; path = Info.plist; sourceTree = "<group>"; };
		64757B891DA7999B007CCA62 /* CoreBluetooth.framework */ = {isa = PBXFileReference; lastKnownFileType = wrapper.framework; name = CoreBluetooth.framework; path = System/Library/Frameworks/CoreBluetooth.framework; sourceTree = SDKROOT; };
		64757B8B1DA799BB007CCA62 /* BluetoothManager.h */ = {isa = PBXFileReference; fileEncoding = 4; lastKnownFileType = sourcecode.c.h; path = BluetoothManager.h; sourceTree = "<group>"; };
		64757B8C1DA799BB007CCA62 /* BluetoothManager.m */ = {isa = PBXFileReference; fileEncoding = 4; lastKnownFileType = sourcecode.c.objc; path = BluetoothManager.m; sourceTree = "<group>"; };
/* End PBXFileReference section */

/* Begin PBXFrameworksBuildPhase section */
		64757B501DA79971007CCA62 /* Frameworks */ = {
			isa = PBXFrameworksBuildPhase;
			buildActionMask = 2147483647;
			files = (
				64757B8A1DA7999B007CCA62 /* CoreBluetooth.framework in Frameworks */,
			);
			runOnlyForDeploymentPostprocessing = 0;
		};
		64757B691DA79971007CCA62 /* Frameworks */ = {
			isa = PBXFrameworksBuildPhase;
			buildActionMask = 2147483647;
			files = (
			);
			runOnlyForDeploymentPostprocessing = 0;
		};
		64757B741DA79971007CCA62 /* Frameworks */ = {
			isa = PBXFrameworksBuildPhase;
			buildActionMask = 2147483647;
			files = (
			);
			runOnlyForDeploymentPostprocessing = 0;
		};
/* End PBXFrameworksBuildPhase section */

/* Begin PBXGroup section */
		64757B4A1DA79971007CCA62 = {
			isa = PBXGroup;
			children = (
				64757B551DA79971007CCA62 /* BluetoothPrinter */,
				64757B6F1DA79971007CCA62 /* BluetoothPrinterTests */,
				64757B7A1DA79971007CCA62 /* BluetoothPrinterUITests */,
				64757B541DA79971007CCA62 /* Products */,
			);
			sourceTree = "<group>";
		};
		64757B541DA79971007CCA62 /* Products */ = {
			isa = PBXGroup;
			children = (
				64757B531DA79971007CCA62 /* BluetoothPrinter.app */,
				64757B6C1DA79971007CCA62 /* BluetoothPrinterTests.xctest */,
				64757B771DA79971007CCA62 /* BluetoothPrinterUITests.xctest */,
			);
			name = Products;
			sourceTree = "<group>";
		};
		64757B551DA79971007CCA62 /* BluetoothPrinter */ = {
			isa = PBXGroup;
			children = (
				64757B8B1DA799BB007CCA62 /* BluetoothManager.h */,
				64757B8C1DA799BB007CCA62 /* BluetoothManager.m */,
				420071351DAA855A005B5647 /* PrintHelper.h */,
				420071361DAA855A005B5647 /* PrintHelper.m */,
				64757B591DA79971007CCA62 /* AppDelegate.h */,
				64757B5A1DA79971007CCA62 /* AppDelegate.m */,
				64757B5C1DA79971007CCA62 /* ViewController.h */,
				64757B5D1DA79971007CCA62 /* ViewController.m */,
				64757B5F1DA79971007CCA62 /* Printer.storyboard */,
				64757B621DA79971007CCA62 /* Assets.xcassets */,
				64757B641DA79971007CCA62 /* LaunchScreen.storyboard */,
				64757B671DA79971007CCA62 /* Info.plist */,
				64757B561DA79971007CCA62 /* Supporting Files */,
			);
			path = BluetoothPrinter;
			sourceTree = "<group>";
		};
		64757B561DA79971007CCA62 /* Supporting Files */ = {
			isa = PBXGroup;
			children = (
				64757B891DA7999B007CCA62 /* CoreBluetooth.framework */,
				64757B571DA79971007CCA62 /* main.m */,
			);
			name = "Supporting Files";
			sourceTree = "<group>";
		};
		64757B6F1DA79971007CCA62 /* BluetoothPrinterTests */ = {
			isa = PBXGroup;
			children = (
				64757B701DA79971007CCA62 /* BluetoothPrinterTests.m */,
				64757B721DA79971007CCA62 /* Info.plist */,
			);
			path = BluetoothPrinterTests;
			sourceTree = "<group>";
		};
		64757B7A1DA79971007CCA62 /* BluetoothPrinterUITests */ = {
			isa = PBXGroup;
			children = (
				64757B7B1DA79971007CCA62 /* BluetoothPrinterUITests.m */,
				64757B7D1DA79971007CCA62 /* Info.plist */,
			);
			path = BluetoothPrinterUITests;
			sourceTree = "<group>";
		};
/* End PBXGroup section */

/* Begin PBXNativeTarget section */
		64757B521DA79971007CCA62 /* BluetoothPrinter */ = {
			isa = PBXNativeTarget;
			buildConfigurationList = 64757B801DA79971007CCA62 /* Build configuration list for PBXNativeTarget "BluetoothPrinter" */;
			buildPhases = (
				64757B4F1DA79971007CCA62 /* Sources */,
				64757B501DA79971007CCA62 /* Frameworks */,
				64757B511DA79971007CCA62 /* Resources */,
			);
			buildRules = (
			);
			dependencies = (
			);
			name = BluetoothPrinter;
			productName = BluetoothPrinter;
			productReference = 64757B531DA79971007CCA62 /* BluetoothPrinter.app */;
			productType = "com.apple.product-type.application";
		};
		64757B6B1DA79971007CCA62 /* BluetoothPrinterTests */ = {
			isa = PBXNativeTarget;
			buildConfigurationList = 64757B831DA79971007CCA62 /* Build configuration list for PBXNativeTarget "BluetoothPrinterTests" */;
			buildPhases = (
				64757B681DA79971007CCA62 /* Sources */,
				64757B691DA79971007CCA62 /* Frameworks */,
				64757B6A1DA79971007CCA62 /* Resources */,
			);
			buildRules = (
			);
			dependencies = (
				64757B6E1DA79971007CCA62 /* PBXTargetDependency */,
			);
			name = BluetoothPrinterTests;
			productName = BluetoothPrinterTests;
			productReference = 64757B6C1DA79971007CCA62 /* BluetoothPrinterTests.xctest */;
			productType = "com.apple.product-type.bundle.unit-test";
		};
		64757B761DA79971007CCA62 /* BluetoothPrinterUITests */ = {
			isa = PBXNativeTarget;
			buildConfigurationList = 64757B861DA79971007CCA62 /* Build configuration list for PBXNativeTarget "BluetoothPrinterUITests" */;
			buildPhases = (
				64757B731DA79971007CCA62 /* Sources */,
				64757B741DA79971007CCA62 /* Frameworks */,
				64757B751DA79971007CCA62 /* Resources */,
			);
			buildRules = (
			);
			dependencies = (
				64757B791DA79971007CCA62 /* PBXTargetDependency */,
			);
			name = BluetoothPrinterUITests;
			productName = BluetoothPrinterUITests;
			productReference = 64757B771DA79971007CCA62 /* BluetoothPrinterUITests.xctest */;
			productType = "com.apple.product-type.bundle.ui-testing";
		};
/* End PBXNativeTarget section */

/* Begin PBXProject section */
		64757B4B1DA79971007CCA62 /* Project object */ = {
			isa = PBXProject;
			attributes = {
				LastUpgradeCheck = 0730;
				ORGANIZATIONNAME = "Cube Innovations Inc";
				TargetAttributes = {
					64757B521DA79971007CCA62 = {
						CreatedOnToolsVersion = 7.3.1;
					};
					64757B6B1DA79971007CCA62 = {
						CreatedOnToolsVersion = 7.3.1;
						TestTargetID = 64757B521DA79971007CCA62;
					};
					64757B761DA79971007CCA62 = {
						CreatedOnToolsVersion = 7.3.1;
						TestTargetID = 64757B521DA79971007CCA62;
					};
				};
			};
			buildConfigurationList = 64757B4E1DA79971007CCA62 /* Build configuration list for PBXProject "BluetoothPrinter" */;
			compatibilityVersion = "Xcode 3.2";
			developmentRegion = English;
			hasScannedForEncodings = 0;
			knownRegions = (
				en,
				Base,
			);
			mainGroup = 64757B4A1DA79971007CCA62;
			productRefGroup = 64757B541DA79971007CCA62 /* Products */;
			projectDirPath = "";
			projectRoot = "";
			targets = (
				64757B521DA79971007CCA62 /* BluetoothPrinter */,
				64757B6B1DA79971007CCA62 /* BluetoothPrinterTests */,
				64757B761DA79971007CCA62 /* BluetoothPrinterUITests */,
			);
		};
/* End PBXProject section */

/* Begin PBXResourcesBuildPhase section */
		64757B511DA79971007CCA62 /* Resources */ = {
			isa = PBXResourcesBuildPhase;
			buildActionMask = 2147483647;
			files = (
				64757B661DA79971007CCA62 /* LaunchScreen.storyboard in Resources */,
				64757B631DA79971007CCA62 /* Assets.xcassets in Resources */,
				64757B611DA79971007CCA62 /* Printer.storyboard in Resources */,
			);
			runOnlyForDeploymentPostprocessing = 0;
		};
		64757B6A1DA79971007CCA62 /* Resources */ = {
			isa = PBXResourcesBuildPhase;
			buildActionMask = 2147483647;
			files = (
			);
			runOnlyForDeploymentPostprocessing = 0;
		};
		64757B751DA79971007CCA62 /* Resources */ = {
			isa = PBXResourcesBuildPhase;
			buildActionMask = 2147483647;
			files = (
			);
			runOnlyForDeploymentPostprocessing = 0;
		};
/* End PBXResourcesBuildPhase section */

/* Begin PBXSourcesBuildPhase section */
		64757B4F1DA79971007CCA62 /* Sources */ = {
			isa = PBXSourcesBuildPhase;
			buildActionMask = 2147483647;
			files = (
				64757B5E1DA79971007CCA62 /* ViewController.m in Sources */,
				420071371DAA855A005B5647 /* PrintHelper.m in Sources */,
				64757B5B1DA79971007CCA62 /* AppDelegate.m in Sources */,
				64757B8D1DA799BB007CCA62 /* BluetoothManager.m in Sources */,
				64757B581DA79971007CCA62 /* main.m in Sources */,
			);
			runOnlyForDeploymentPostprocessing = 0;
		};
		64757B681DA79971007CCA62 /* Sources */ = {
			isa = PBXSourcesBuildPhase;
			buildActionMask = 2147483647;
			files = (
				64757B711DA79971007CCA62 /* BluetoothPrinterTests.m in Sources */,
			);
			runOnlyForDeploymentPostprocessing = 0;
		};
		64757B731DA79971007CCA62 /* Sources */ = {
			isa = PBXSourcesBuildPhase;
			buildActionMask = 2147483647;
			files = (
				64757B7C1DA79971007CCA62 /* BluetoothPrinterUITests.m in Sources */,
			);
			runOnlyForDeploymentPostprocessing = 0;
		};
/* End PBXSourcesBuildPhase section */

/* Begin PBXTargetDependency section */
		64757B6E1DA79971007CCA62 /* PBXTargetDependency */ = {
			isa = PBXTargetDependency;
			target = 64757B521DA79971007CCA62 /* BluetoothPrinter */;
			targetProxy = 64757B6D1DA79971007CCA62 /* PBXContainerItemProxy */;
		};
		64757B791DA79971007CCA62 /* PBXTargetDependency */ = {
			isa = PBXTargetDependency;
			target = 64757B521DA79971007CCA62 /* BluetoothPrinter */;
			targetProxy = 64757B781DA79971007CCA62 /* PBXContainerItemProxy */;
		};
/* End PBXTargetDependency section */

/* Begin PBXVariantGroup section */
		64757B5F1DA79971007CCA62 /* Printer.storyboard */ = {
			isa = PBXVariantGroup;
			children = (
				64757B601DA79971007CCA62 /* Base */,
			);
			name = Printer.storyboard;
			sourceTree = "<group>";
		};
		64757B641DA79971007CCA62 /* LaunchScreen.storyboard */ = {
			isa = PBXVariantGroup;
			children = (
				64757B651DA79971007CCA62 /* Base */,
			);
			name = LaunchScreen.storyboard;
			sourceTree = "<group>";
		};
/* End PBXVariantGroup section */

/* Begin XCBuildConfiguration section */
		64757B7E1DA79971007CCA62 /* Debug */ = {
			isa = XCBuildConfiguration;
			buildSettings = {
				ALWAYS_SEARCH_USER_PATHS = NO;
				CLANG_ANALYZER_NONNULL = YES;
				CLANG_CXX_LANGUAGE_STANDARD = "gnu++0x";
				CLANG_CXX_LIBRARY = "libc++";
				CLANG_ENABLE_MODULES = YES;
				CLANG_ENABLE_OBJC_ARC = YES;
				CLANG_WARN_BOOL_CONVERSION = YES;
				CLANG_WARN_CONSTANT_CONVERSION = YES;
				CLANG_WARN_DIRECT_OBJC_ISA_USAGE = YES_ERROR;
				CLANG_WARN_EMPTY_BODY = YES;
				CLANG_WARN_ENUM_CONVERSION = YES;
				CLANG_WARN_INT_CONVERSION = YES;
				CLANG_WARN_OBJC_ROOT_CLASS = YES_ERROR;
				CLANG_WARN_UNREACHABLE_CODE = YES;
				CLANG_WARN__DUPLICATE_METHOD_MATCH = YES;
				"CODE_SIGN_IDENTITY[sdk=iphoneos*]" = "iPhone Developer";
				COPY_PHASE_STRIP = NO;
				DEBUG_INFORMATION_FORMAT = dwarf;
				ENABLE_STRICT_OBJC_MSGSEND = YES;
				ENABLE_TESTABILITY = YES;
				GCC_C_LANGUAGE_STANDARD = gnu99;
				GCC_DYNAMIC_NO_PIC = NO;
				GCC_NO_COMMON_BLOCKS = YES;
				GCC_OPTIMIZATION_LEVEL = 0;
				GCC_PREPROCESSOR_DEFINITIONS = (
					"DEBUG=1",
					"$(inherited)",
				);
				GCC_WARN_64_TO_32_BIT_CONVERSION = YES;
				GCC_WARN_ABOUT_RETURN_TYPE = YES_ERROR;
				GCC_WARN_UNDECLARED_SELECTOR = YES;
				GCC_WARN_UNINITIALIZED_AUTOS = YES_AGGRESSIVE;
				GCC_WARN_UNUSED_FUNCTION = YES;
				GCC_WARN_UNUSED_VARIABLE = YES;
				IPHONEOS_DEPLOYMENT_TARGET = 9.3;
				MTL_ENABLE_DEBUG_INFO = YES;
				ONLY_ACTIVE_ARCH = YES;
				SDKROOT = iphoneos;
			};
			name = Debug;
		};
		64757B7F1DA79971007CCA62 /* Release */ = {
			isa = XCBuildConfiguration;
			buildSettings = {
				ALWAYS_SEARCH_USER_PATHS = NO;
				CLANG_ANALYZER_NONNULL = YES;
				CLANG_CXX_LANGUAGE_STANDARD = "gnu++0x";
				CLANG_CXX_LIBRARY = "libc++";
				CLANG_ENABLE_MODULES = YES;
				CLANG_ENABLE_OBJC_ARC = YES;
				CLANG_WARN_BOOL_CONVERSION = YES;
				CLANG_WARN_CONSTANT_CONVERSION = YES;
				CLANG_WARN_DIRECT_OBJC_ISA_USAGE = YES_ERROR;
				CLANG_WARN_EMPTY_BODY = YES;
				CLANG_WARN_ENUM_CONVERSION = YES;
				CLANG_WARN_INT_CONVERSION = YES;
				CLANG_WARN_OBJC_ROOT_CLASS = YES_ERROR;
				CLANG_WARN_UNREACHABLE_CODE = YES;
				CLANG_WARN__DUPLICATE_METHOD_MATCH = YES;
				"CODE_SIGN_IDENTITY[sdk=iphoneos*]" = "iPhone Developer";
				COPY_PHASE_STRIP = NO;
				DEBUG_INFORMATION_FORMAT = "dwarf-with-dsym";
				ENABLE_NS_ASSERTIONS = NO;
				ENABLE_STRICT_OBJC_MSGSEND = YES;
				GCC_C_LANGUAGE_STANDARD = gnu99;
				GCC_NO_COMMON_BLOCKS = YES;
				GCC_WARN_64_TO_32_BIT_CONVERSION = YES;
				GCC_WARN_ABOUT_RETURN_TYPE = YES_ERROR;
				GCC_WARN_UNDECLARED_SELECTOR = YES;
				GCC_WARN_UNINITIALIZED_AUTOS = YES_AGGRESSIVE;
				GCC_WARN_UNUSED_FUNCTION = YES;
				GCC_WARN_UNUSED_VARIABLE = YES;
				IPHONEOS_DEPLOYMENT_TARGET = 9.3;
				MTL_ENABLE_DEBUG_INFO = NO;
				SDKROOT = iphoneos;
				VALIDATE_PRODUCT = YES;
			};
			name = Release;
		};
		64757B811DA79971007CCA62 /* Debug */ = {
			isa = XCBuildConfiguration;
			buildSettings = {
				ASSETCATALOG_COMPILER_APPICON_NAME = AppIcon;
				INFOPLIST_FILE = BluetoothPrinter/Info.plist;
				LD_RUNPATH_SEARCH_PATHS = "$(inherited) @executable_path/Frameworks";
				PRODUCT_BUNDLE_IDENTIFIER = com.cubeinnovationsinc.BluetoothPrinter;
				PRODUCT_NAME = "$(TARGET_NAME)";
			};
			name = Debug;
		};
		64757B821DA79971007CCA62 /* Release */ = {
			isa = XCBuildConfiguration;
			buildSettings = {
				ASSETCATALOG_COMPILER_APPICON_NAME = AppIcon;
				INFOPLIST_FILE = BluetoothPrinter/Info.plist;
				LD_RUNPATH_SEARCH_PATHS = "$(inherited) @executable_path/Frameworks";
				PRODUCT_BUNDLE_IDENTIFIER = com.cubeinnovationsinc.BluetoothPrinter;
				PRODUCT_NAME = "$(TARGET_NAME)";
			};
			name = Release;
		};
		64757B841DA79971007CCA62 /* Debug */ = {
			isa = XCBuildConfiguration;
			buildSettings = {
				BUNDLE_LOADER = "$(TEST_HOST)";
				INFOPLIST_FILE = BluetoothPrinterTests/Info.plist;
				LD_RUNPATH_SEARCH_PATHS = "$(inherited) @executable_path/Frameworks @loader_path/Frameworks";
				PRODUCT_BUNDLE_IDENTIFIER = com.cubeinnovationsinc.BluetoothPrinterTests;
				PRODUCT_NAME = "$(TARGET_NAME)";
				TEST_HOST = "$(BUILT_PRODUCTS_DIR)/BluetoothPrinter.app/BluetoothPrinter";
			};
			name = Debug;
		};
		64757B851DA79971007CCA62 /* Release */ = {
			isa = XCBuildConfiguration;
			buildSettings = {
				BUNDLE_LOADER = "$(TEST_HOST)";
				INFOPLIST_FILE = BluetoothPrinterTests/Info.plist;
				LD_RUNPATH_SEARCH_PATHS = "$(inherited) @executable_path/Frameworks @loader_path/Frameworks";
				PRODUCT_BUNDLE_IDENTIFIER = com.cubeinnovationsinc.BluetoothPrinterTests;
				PRODUCT_NAME = "$(TARGET_NAME)";
				TEST_HOST = "$(BUILT_PRODUCTS_DIR)/BluetoothPrinter.app/BluetoothPrinter";
			};
			name = Release;
		};
		64757B871DA79971007CCA62 /* Debug */ = {
			isa = XCBuildConfiguration;
			buildSettings = {
				INFOPLIST_FILE = BluetoothPrinterUITests/Info.plist;
				LD_RUNPATH_SEARCH_PATHS = "$(inherited) @executable_path/Frameworks @loader_path/Frameworks";
				PRODUCT_BUNDLE_IDENTIFIER = com.cubeinnovationsinc.BluetoothPrinterUITests;
				PRODUCT_NAME = "$(TARGET_NAME)";
				TEST_TARGET_NAME = BluetoothPrinter;
			};
			name = Debug;
		};
		64757B881DA79971007CCA62 /* Release */ = {
			isa = XCBuildConfiguration;
			buildSettings = {
				INFOPLIST_FILE = BluetoothPrinterUITests/Info.plist;
				LD_RUNPATH_SEARCH_PATHS = "$(inherited) @executable_path/Frameworks @loader_path/Frameworks";
				PRODUCT_BUNDLE_IDENTIFIER = com.cubeinnovationsinc.BluetoothPrinterUITests;
				PRODUCT_NAME = "$(TARGET_NAME)";
				TEST_TARGET_NAME = BluetoothPrinter;
			};
			name = Release;
		};
/* End XCBuildConfiguration section */

/* Begin XCConfigurationList section */
		64757B4E1DA79971007CCA62 /* Build configuration list for PBXProject "BluetoothPrinter" */ = {
			isa = XCConfigurationList;
			buildConfigurations = (
				64757B7E1DA79971007CCA62 /* Debug */,
				64757B7F1DA79971007CCA62 /* Release */,
			);
			defaultConfigurationIsVisible = 0;
			defaultConfigurationName = Release;
		};
		64757B801DA79971007CCA62 /* Build configuration list for PBXNativeTarget "BluetoothPrinter" */ = {
			isa = XCConfigurationList;
			buildConfigurations = (
				64757B811DA79971007CCA62 /* Debug */,
				64757B821DA79971007CCA62 /* Release */,
			);
			defaultConfigurationIsVisible = 0;
			defaultConfigurationName = Release;
		};
		64757B831DA79971007CCA62 /* Build configuration list for PBXNativeTarget "BluetoothPrinterTests" */ = {
			isa = XCConfigurationList;
			buildConfigurations = (
				64757B841DA79971007CCA62 /* Debug */,
				64757B851DA79971007CCA62 /* Release */,
			);
			defaultConfigurationIsVisible = 0;
			defaultConfigurationName = Release;
		};
		64757B861DA79971007CCA62 /* Build configuration list for PBXNativeTarget "BluetoothPrinterUITests" */ = {
			isa = XCConfigurationList;
			buildConfigurations = (
				64757B871DA79971007CCA62 /* Debug */,
				64757B881DA79971007CCA62 /* Release */,
			);
			defaultConfigurationIsVisible = 0;
			defaultConfigurationName = Release;
		};
/* End XCConfigurationList section */
	};
	rootObject = 64757B4B1DA79971007CCA62 /* Project object */;
}
